// !$*UTF8*$!
{
	archiveVersion = 1;
	classes = {
	};
	objectVersion = 56;
	objects = {

/* Begin PBXBuildFile section */
		04A3931929E4EF8F00C64217 /* AFL3_0706012110030_Steven_Rafael_SunartoApp.swift in Sources */ = {isa = PBXBuildFile; fileRef = 04A3931829E4EF8F00C64217 /* AFL3_0706012110030_Steven_Rafael_SunartoApp.swift */; };
		04A3931B29E4EF8F00C64217 /* ContentView.swift in Sources */ = {isa = PBXBuildFile; fileRef = 04A3931A29E4EF8F00C64217 /* ContentView.swift */; };
		04A3931D29E4EF9100C64217 /* Assets.xcassets in Resources */ = {isa = PBXBuildFile; fileRef = 04A3931C29E4EF9100C64217 /* Assets.xcassets */; };
		04A3932029E4EF9100C64217 /* Preview Assets.xcassets in Resources */ = {isa = PBXBuildFile; fileRef = 04A3931F29E4EF9100C64217 /* Preview Assets.xcassets */; };
		04A3932A29E4EF9100C64217 /* AFL3_0706012110030_Steven_Rafael_SunartoTests.swift in Sources */ = {isa = PBXBuildFile; fileRef = 04A3932929E4EF9100C64217 /* AFL3_0706012110030_Steven_Rafael_SunartoTests.swift */; };
		04A3933429E4EF9100C64217 /* AFL3_0706012110030_Steven_Rafael_SunartoUITests.swift in Sources */ = {isa = PBXBuildFile; fileRef = 04A3933329E4EF9100C64217 /* AFL3_0706012110030_Steven_Rafael_SunartoUITests.swift */; };
		04A3933629E4EF9100C64217 /* AFL3_0706012110030_Steven_Rafael_SunartoUITestsLaunchTests.swift in Sources */ = {isa = PBXBuildFile; fileRef = 04A3933529E4EF9100C64217 /* AFL3_0706012110030_Steven_Rafael_SunartoUITestsLaunchTests.swift */; };
/* End PBXBuildFile section */

/* Begin PBXContainerItemProxy section */
		04A3932629E4EF9100C64217 /* PBXContainerItemProxy */ = {
			isa = PBXContainerItemProxy;
			containerPortal = 04A3930D29E4EF8F00C64217 /* Project object */;
			proxyType = 1;
			remoteGlobalIDString = 04A3931429E4EF8F00C64217;
			remoteInfo = "AFL3-0706012110030-Steven Rafael Sunarto";
		};
		04A3933029E4EF9100C64217 /* PBXContainerItemProxy */ = {
			isa = PBXContainerItemProxy;
			containerPortal = 04A3930D29E4EF8F00C64217 /* Project object */;
			proxyType = 1;
			remoteGlobalIDString = 04A3931429E4EF8F00C64217;
			remoteInfo = "AFL3-0706012110030-Steven Rafael Sunarto";
		};
/* End PBXContainerItemProxy section */

/* Begin PBXFileReference section */
		04A3931529E4EF8F00C64217 /* AFL3-0706012110030-Steven Rafael Sunarto.app */ = {isa = PBXFileReference; explicitFileType = wrapper.application; includeInIndex = 0; path = "AFL3-0706012110030-Steven Rafael Sunarto.app"; sourceTree = BUILT_PRODUCTS_DIR; };
		04A3931829E4EF8F00C64217 /* AFL3_0706012110030_Steven_Rafael_SunartoApp.swift */ = {isa = PBXFileReference; lastKnownFileType = sourcecode.swift; path = AFL3_0706012110030_Steven_Rafael_SunartoApp.swift; sourceTree = "<group>"; };
		04A3931A29E4EF8F00C64217 /* ContentView.swift */ = {isa = PBXFileReference; lastKnownFileType = sourcecode.swift; path = ContentView.swift; sourceTree = "<group>"; };
		04A3931C29E4EF9100C64217 /* Assets.xcassets */ = {isa = PBXFileReference; lastKnownFileType = folder.assetcatalog; path = Assets.xcassets; sourceTree = "<group>"; };
		04A3931F29E4EF9100C64217 /* Preview Assets.xcassets */ = {isa = PBXFileReference; lastKnownFileType = folder.assetcatalog; path = "Preview Assets.xcassets"; sourceTree = "<group>"; };
		04A3932529E4EF9100C64217 /* AFL3-0706012110030-Steven Rafael SunartoTests.xctest */ = {isa = PBXFileReference; explicitFileType = wrapper.cfbundle; includeInIndex = 0; path = "AFL3-0706012110030-Steven Rafael SunartoTests.xctest"; sourceTree = BUILT_PRODUCTS_DIR; };
		04A3932929E4EF9100C64217 /* AFL3_0706012110030_Steven_Rafael_SunartoTests.swift */ = {isa = PBXFileReference; lastKnownFileType = sourcecode.swift; path = AFL3_0706012110030_Steven_Rafael_SunartoTests.swift; sourceTree = "<group>"; };
		04A3932F29E4EF9100C64217 /* AFL3-0706012110030-Steven Rafael SunartoUITests.xctest */ = {isa = PBXFileReference; explicitFileType = wrapper.cfbundle; includeInIndex = 0; path = "AFL3-0706012110030-Steven Rafael SunartoUITests.xctest"; sourceTree = BUILT_PRODUCTS_DIR; };
		04A3933329E4EF9100C64217 /* AFL3_0706012110030_Steven_Rafael_SunartoUITests.swift */ = {isa = PBXFileReference; lastKnownFileType = sourcecode.swift; path = AFL3_0706012110030_Steven_Rafael_SunartoUITests.swift; sourceTree = "<group>"; };
		04A3933529E4EF9100C64217 /* AFL3_0706012110030_Steven_Rafael_SunartoUITestsLaunchTests.swift */ = {isa = PBXFileReference; lastKnownFileType = sourcecode.swift; path = AFL3_0706012110030_Steven_Rafael_SunartoUITestsLaunchTests.swift; sourceTree = "<group>"; };
/* End PBXFileReference section */

/* Begin PBXFrameworksBuildPhase section */
		04A3931229E4EF8F00C64217 /* Frameworks */ = {
			isa = PBXFrameworksBuildPhase;
			buildActionMask = 2147483647;
			files = (
			);
			runOnlyForDeploymentPostprocessing = 0;
		};
		04A3932229E4EF9100C64217 /* Frameworks */ = {
			isa = PBXFrameworksBuildPhase;
			buildActionMask = 2147483647;
			files = (
			);
			runOnlyForDeploymentPostprocessing = 0;
		};
		04A3932C29E4EF9100C64217 /* Frameworks */ = {
			isa = PBXFrameworksBuildPhase;
			buildActionMask = 2147483647;
			files = (
			);
			runOnlyForDeploymentPostprocessing = 0;
		};
/* End PBXFrameworksBuildPhase section */

/* Begin PBXGroup section */
		04A3930C29E4EF8F00C64217 = {
			isa = PBXGroup;
			children = (
				04A3931729E4EF8F00C64217 /* AFL3-0706012110030-Steven Rafael Sunarto */,
				04A3932829E4EF9100C64217 /* AFL3-0706012110030-Steven Rafael SunartoTests */,
				04A3933229E4EF9100C64217 /* AFL3-0706012110030-Steven Rafael SunartoUITests */,
				04A3931629E4EF8F00C64217 /* Products */,
			);
			sourceTree = "<group>";
		};
		04A3931629E4EF8F00C64217 /* Products */ = {
			isa = PBXGroup;
			children = (
				04A3931529E4EF8F00C64217 /* AFL3-0706012110030-Steven Rafael Sunarto.app */,
				04A3932529E4EF9100C64217 /* AFL3-0706012110030-Steven Rafael SunartoTests.xctest */,
				04A3932F29E4EF9100C64217 /* AFL3-0706012110030-Steven Rafael SunartoUITests.xctest */,
			);
			name = Products;
			sourceTree = "<group>";
		};
		04A3931729E4EF8F00C64217 /* AFL3-0706012110030-Steven Rafael Sunarto */ = {
			isa = PBXGroup;
			children = (
				04A3931829E4EF8F00C64217 /* AFL3_0706012110030_Steven_Rafael_SunartoApp.swift */,
				04A3931A29E4EF8F00C64217 /* ContentView.swift */,
				04A3931C29E4EF9100C64217 /* Assets.xcassets */,
				04A3931E29E4EF9100C64217 /* Preview Content */,
			);
			path = "AFL3-0706012110030-Steven Rafael Sunarto";
			sourceTree = "<group>";
		};
		04A3931E29E4EF9100C64217 /* Preview Content */ = {
			isa = PBXGroup;
			children = (
				04A3931F29E4EF9100C64217 /* Preview Assets.xcassets */,
			);
			path = "Preview Content";
			sourceTree = "<group>";
		};
		04A3932829E4EF9100C64217 /* AFL3-0706012110030-Steven Rafael SunartoTests */ = {
			isa = PBXGroup;
			children = (
				04A3932929E4EF9100C64217 /* AFL3_0706012110030_Steven_Rafael_SunartoTests.swift */,
			);
			path = "AFL3-0706012110030-Steven Rafael SunartoTests";
			sourceTree = "<group>";
		};
		04A3933229E4EF9100C64217 /* AFL3-0706012110030-Steven Rafael SunartoUITests */ = {
			isa = PBXGroup;
			children = (
				04A3933329E4EF9100C64217 /* AFL3_0706012110030_Steven_Rafael_SunartoUITests.swift */,
				04A3933529E4EF9100C64217 /* AFL3_0706012110030_Steven_Rafael_SunartoUITestsLaunchTests.swift */,
			);
			path = "AFL3-0706012110030-Steven Rafael SunartoUITests";
			sourceTree = "<group>";
		};
/* End PBXGroup section */

/* Begin PBXNativeTarget section */
		04A3931429E4EF8F00C64217 /* AFL3-0706012110030-Steven Rafael Sunarto */ = {
			isa = PBXNativeTarget;
			buildConfigurationList = 04A3933929E4EF9100C64217 /* Build configuration list for PBXNativeTarget "AFL3-0706012110030-Steven Rafael Sunarto" */;
			buildPhases = (
				04A3931129E4EF8F00C64217 /* Sources */,
				04A3931229E4EF8F00C64217 /* Frameworks */,
				04A3931329E4EF8F00C64217 /* Resources */,
			);
			buildRules = (
			);
			dependencies = (
			);
			name = "AFL3-0706012110030-Steven Rafael Sunarto";
			productName = "AFL3-0706012110030-Steven Rafael Sunarto";
			productReference = 04A3931529E4EF8F00C64217 /* AFL3-0706012110030-Steven Rafael Sunarto.app */;
			productType = "com.apple.product-type.application";
		};
		04A3932429E4EF9100C64217 /* AFL3-0706012110030-Steven Rafael SunartoTests */ = {
			isa = PBXNativeTarget;
			buildConfigurationList = 04A3933C29E4EF9100C64217 /* Build configuration list for PBXNativeTarget "AFL3-0706012110030-Steven Rafael SunartoTests" */;
			buildPhases = (
				04A3932129E4EF9100C64217 /* Sources */,
				04A3932229E4EF9100C64217 /* Frameworks */,
				04A3932329E4EF9100C64217 /* Resources */,
			);
			buildRules = (
			);
			dependencies = (
				04A3932729E4EF9100C64217 /* PBXTargetDependency */,
			);
			name = "AFL3-0706012110030-Steven Rafael SunartoTests";
			productName = "AFL3-0706012110030-Steven Rafael SunartoTests";
			productReference = 04A3932529E4EF9100C64217 /* AFL3-0706012110030-Steven Rafael SunartoTests.xctest */;
			productType = "com.apple.product-type.bundle.unit-test";
		};
		04A3932E29E4EF9100C64217 /* AFL3-0706012110030-Steven Rafael SunartoUITests */ = {
			isa = PBXNativeTarget;
			buildConfigurationList = 04A3933F29E4EF9100C64217 /* Build configuration list for PBXNativeTarget "AFL3-0706012110030-Steven Rafael SunartoUITests" */;
			buildPhases = (
				04A3932B29E4EF9100C64217 /* Sources */,
				04A3932C29E4EF9100C64217 /* Frameworks */,
				04A3932D29E4EF9100C64217 /* Resources */,
			);
			buildRules = (
			);
			dependencies = (
				04A3933129E4EF9100C64217 /* PBXTargetDependency */,
			);
			name = "AFL3-0706012110030-Steven Rafael SunartoUITests";
			productName = "AFL3-0706012110030-Steven Rafael SunartoUITests";
			productReference = 04A3932F29E4EF9100C64217 /* AFL3-0706012110030-Steven Rafael SunartoUITests.xctest */;
			productType = "com.apple.product-type.bundle.ui-testing";
		};
/* End PBXNativeTarget section */

/* Begin PBXProject section */
		04A3930D29E4EF8F00C64217 /* Project object */ = {
			isa = PBXProject;
			attributes = {
				BuildIndependentTargetsInParallel = 1;
				LastSwiftUpdateCheck = 1420;
				LastUpgradeCheck = 1420;
				TargetAttributes = {
					04A3931429E4EF8F00C64217 = {
						CreatedOnToolsVersion = 14.2;
					};
					04A3932429E4EF9100C64217 = {
						CreatedOnToolsVersion = 14.2;
						TestTargetID = 04A3931429E4EF8F00C64217;
					};
					04A3932E29E4EF9100C64217 = {
						CreatedOnToolsVersion = 14.2;
						TestTargetID = 04A3931429E4EF8F00C64217;
					};
				};
			};
			buildConfigurationList = 04A3931029E4EF8F00C64217 /* Build configuration list for PBXProject "AFL3-0706012110030-Steven Rafael Sunarto" */;
			compatibilityVersion = "Xcode 14.0";
			developmentRegion = en;
			hasScannedForEncodings = 0;
			knownRegions = (
				en,
				Base,
			);
			mainGroup = 04A3930C29E4EF8F00C64217;
			productRefGroup = 04A3931629E4EF8F00C64217 /* Products */;
			projectDirPath = "";
			projectRoot = "";
			targets = (
				04A3931429E4EF8F00C64217 /* AFL3-0706012110030-Steven Rafael Sunarto */,
				04A3932429E4EF9100C64217 /* AFL3-0706012110030-Steven Rafael SunartoTests */,
				04A3932E29E4EF9100C64217 /* AFL3-0706012110030-Steven Rafael SunartoUITests */,
			);
		};
/* End PBXProject section */

/* Begin PBXResourcesBuildPhase section */
		04A3931329E4EF8F00C64217 /* Resources */ = {
			isa = PBXResourcesBuildPhase;
			buildActionMask = 2147483647;
			files = (
				04A3932029E4EF9100C64217 /* Preview Assets.xcassets in Resources */,
				04A3931D29E4EF9100C64217 /* Assets.xcassets in Resources */,
			);
			runOnlyForDeploymentPostprocessing = 0;
		};
		04A3932329E4EF9100C64217 /* Resources */ = {
			isa = PBXResourcesBuildPhase;
			buildActionMask = 2147483647;
			files = (
			);
			runOnlyForDeploymentPostprocessing = 0;
		};
		04A3932D29E4EF9100C64217 /* Resources */ = {
			isa = PBXResourcesBuildPhase;
			buildActionMask = 2147483647;
			files = (
			);
			runOnlyForDeploymentPostprocessing = 0;
		};
/* End PBXResourcesBuildPhase section */

/* Begin PBXSourcesBuildPhase section */
		04A3931129E4EF8F00C64217 /* Sources */ = {
			isa = PBXSourcesBuildPhase;
			buildActionMask = 2147483647;
			files = (
				04A3931B29E4EF8F00C64217 /* ContentView.swift in Sources */,
				04A3931929E4EF8F00C64217 /* AFL3_0706012110030_Steven_Rafael_SunartoApp.swift in Sources */,
			);
			runOnlyForDeploymentPostprocessing = 0;
		};
		04A3932129E4EF9100C64217 /* Sources */ = {
			isa = PBXSourcesBuildPhase;
			buildActionMask = 2147483647;
			files = (
				04A3932A29E4EF9100C64217 /* AFL3_0706012110030_Steven_Rafael_SunartoTests.swift in Sources */,
			);
			runOnlyForDeploymentPostprocessing = 0;
		};
		04A3932B29E4EF9100C64217 /* Sources */ = {
			isa = PBXSourcesBuildPhase;
			buildActionMask = 2147483647;
			files = (
				04A3933629E4EF9100C64217 /* AFL3_0706012110030_Steven_Rafael_SunartoUITestsLaunchTests.swift in Sources */,
				04A3933429E4EF9100C64217 /* AFL3_0706012110030_Steven_Rafael_SunartoUITests.swift in Sources */,
			);
			runOnlyForDeploymentPostprocessing = 0;
		};
/* End PBXSourcesBuildPhase section */

/* Begin PBXTargetDependency section */
		04A3932729E4EF9100C64217 /* PBXTargetDependency */ = {
			isa = PBXTargetDependency;
			target = 04A3931429E4EF8F00C64217 /* AFL3-0706012110030-Steven Rafael Sunarto */;
			targetProxy = 04A3932629E4EF9100C64217 /* PBXContainerItemProxy */;
		};
		04A3933129E4EF9100C64217 /* PBXTargetDependency */ = {
			isa = PBXTargetDependency;
			target = 04A3931429E4EF8F00C64217 /* AFL3-0706012110030-Steven Rafael Sunarto */;
			targetProxy = 04A3933029E4EF9100C64217 /* PBXContainerItemProxy */;
		};
/* End PBXTargetDependency section */

/* Begin XCBuildConfiguration section */
		04A3933729E4EF9100C64217 /* Debug */ = {
			isa = XCBuildConfiguration;
			buildSettings = {
				ALWAYS_SEARCH_USER_PATHS = NO;
				CLANG_ANALYZER_NONNULL = YES;
				CLANG_ANALYZER_NUMBER_OBJECT_CONVERSION = YES_AGGRESSIVE;
				CLANG_CXX_LANGUAGE_STANDARD = "gnu++20";
				CLANG_ENABLE_MODULES = YES;
				CLANG_ENABLE_OBJC_ARC = YES;
				CLANG_ENABLE_OBJC_WEAK = YES;
				CLANG_WARN_BLOCK_CAPTURE_AUTORELEASING = YES;
				CLANG_WARN_BOOL_CONVERSION = YES;
				CLANG_WARN_COMMA = YES;
				CLANG_WARN_CONSTANT_CONVERSION = YES;
				CLANG_WARN_DEPRECATED_OBJC_IMPLEMENTATIONS = YES;
				CLANG_WARN_DIRECT_OBJC_ISA_USAGE = YES_ERROR;
				CLANG_WARN_DOCUMENTATION_COMMENTS = YES;
				CLANG_WARN_EMPTY_BODY = YES;
				CLANG_WARN_ENUM_CONVERSION = YES;
				CLANG_WARN_INFINITE_RECURSION = YES;
				CLANG_WARN_INT_CONVERSION = YES;
				CLANG_WARN_NON_LITERAL_NULL_CONVERSION = YES;
				CLANG_WARN_OBJC_IMPLICIT_RETAIN_SELF = YES;
				CLANG_WARN_OBJC_LITERAL_CONVERSION = YES;
				CLANG_WARN_OBJC_ROOT_CLASS = YES_ERROR;
				CLANG_WARN_QUOTED_INCLUDE_IN_FRAMEWORK_HEADER = YES;
				CLANG_WARN_RANGE_LOOP_ANALYSIS = YES;
				CLANG_WARN_STRICT_PROTOTYPES = YES;
				CLANG_WARN_SUSPICIOUS_MOVE = YES;
				CLANG_WARN_UNGUARDED_AVAILABILITY = YES_AGGRESSIVE;
				CLANG_WARN_UNREACHABLE_CODE = YES;
				CLANG_WARN__DUPLICATE_METHOD_MATCH = YES;
				COPY_PHASE_STRIP = NO;
				DEBUG_INFORMATION_FORMAT = dwarf;
				ENABLE_STRICT_OBJC_MSGSEND = YES;
				ENABLE_TESTABILITY = YES;
				GCC_C_LANGUAGE_STANDARD = gnu11;
				GCC_DYNAMIC_NO_PIC = NO;
				GCC_NO_COMMON_BLOCKS = YES;
				GCC_OPTIMIZATION_LEVEL = 0;
				GCC_PREPROCESSOR_DEFINITIONS = (
					"DEBUG=1",
					"$(inherited)",
				);
				GCC_WARN_64_TO_32_BIT_CONVERSION = YES;
				GCC_WARN_ABOUT_RETURN_TYPE = YES_ERROR;
				GCC_WARN_UNDECLARED_SELECTOR = YES;
				GCC_WARN_UNINITIALIZED_AUTOS = YES_AGGRESSIVE;
				GCC_WARN_UNUSED_FUNCTION = YES;
				GCC_WARN_UNUSED_VARIABLE = YES;
				IPHONEOS_DEPLOYMENT_TARGET = 16.2;
				MTL_ENABLE_DEBUG_INFO = INCLUDE_SOURCE;
				MTL_FAST_MATH = YES;
				ONLY_ACTIVE_ARCH = YES;
				SDKROOT = iphoneos;
				SWIFT_ACTIVE_COMPILATION_CONDITIONS = DEBUG;
				SWIFT_OPTIMIZATION_LEVEL = "-Onone";
			};
			name = Debug;
		};
		04A3933829E4EF9100C64217 /* Release */ = {
			isa = XCBuildConfiguration;
			buildSettings = {
				ALWAYS_SEARCH_USER_PATHS = NO;
				CLANG_ANALYZER_NONNULL = YES;
				CLANG_ANALYZER_NUMBER_OBJECT_CONVERSION = YES_AGGRESSIVE;
				CLANG_CXX_LANGUAGE_STANDARD = "gnu++20";
				CLANG_ENABLE_MODULES = YES;
				CLANG_ENABLE_OBJC_ARC = YES;
				CLANG_ENABLE_OBJC_WEAK = YES;
				CLANG_WARN_BLOCK_CAPTURE_AUTORELEASING = YES;
				CLANG_WARN_BOOL_CONVERSION = YES;
				CLANG_WARN_COMMA = YES;
				CLANG_WARN_CONSTANT_CONVERSION = YES;
				CLANG_WARN_DEPRECATED_OBJC_IMPLEMENTATIONS = YES;
				CLANG_WARN_DIRECT_OBJC_ISA_USAGE = YES_ERROR;
				CLANG_WARN_DOCUMENTATION_COMMENTS = YES;
				CLANG_WARN_EMPTY_BODY = YES;
				CLANG_WARN_ENUM_CONVERSION = YES;
				CLANG_WARN_INFINITE_RECURSION = YES;
				CLANG_WARN_INT_CONVERSION = YES;
				CLANG_WARN_NON_LITERAL_NULL_CONVERSION = YES;
				CLANG_WARN_OBJC_IMPLICIT_RETAIN_SELF = YES;
				CLANG_WARN_OBJC_LITERAL_CONVERSION = YES;
				CLANG_WARN_OBJC_ROOT_CLASS = YES_ERROR;
				CLANG_WARN_QUOTED_INCLUDE_IN_FRAMEWORK_HEADER = YES;
				CLANG_WARN_RANGE_LOOP_ANALYSIS = YES;
				CLANG_WARN_STRICT_PROTOTYPES = YES;
				CLANG_WARN_SUSPICIOUS_MOVE = YES;
				CLANG_WARN_UNGUARDED_AVAILABILITY = YES_AGGRESSIVE;
				CLANG_WARN_UNREACHABLE_CODE = YES;
				CLANG_WARN__DUPLICATE_METHOD_MATCH = YES;
				COPY_PHASE_STRIP = NO;
				DEBUG_INFORMATION_FORMAT = "dwarf-with-dsym";
				ENABLE_NS_ASSERTIONS = NO;
				ENABLE_STRICT_OBJC_MSGSEND = YES;
				GCC_C_LANGUAGE_STANDARD = gnu11;
				GCC_NO_COMMON_BLOCKS = YES;
				GCC_WARN_64_TO_32_BIT_CONVERSION = YES;
				GCC_WARN_ABOUT_RETURN_TYPE = YES_ERROR;
				GCC_WARN_UNDECLARED_SELECTOR = YES;
				GCC_WARN_UNINITIALIZED_AUTOS = YES_AGGRESSIVE;
				GCC_WARN_UNUSED_FUNCTION = YES;
				GCC_WARN_UNUSED_VARIABLE = YES;
				IPHONEOS_DEPLOYMENT_TARGET = 16.2;
				MTL_ENABLE_DEBUG_INFO = NO;
				MTL_FAST_MATH = YES;
				SDKROOT = iphoneos;
				SWIFT_COMPILATION_MODE = wholemodule;
				SWIFT_OPTIMIZATION_LEVEL = "-O";
				VALIDATE_PRODUCT = YES;
			};
			name = Release;
		};
		04A3933A29E4EF9100C64217 /* Debug */ = {
			isa = XCBuildConfiguration;
			buildSettings = {
				ASSETCATALOG_COMPILER_APPICON_NAME = AppIcon;
				ASSETCATALOG_COMPILER_GLOBAL_ACCENT_COLOR_NAME = AccentColor;
				CODE_SIGN_STYLE = Automatic;
				CURRENT_PROJECT_VERSION = 1;
				DEVELOPMENT_ASSET_PATHS = "\"AFL3-0706012110030-Steven Rafael Sunarto/Preview Content\"";
				DEVELOPMENT_TEAM = ZRV56NLNS6;
				ENABLE_PREVIEWS = YES;
				GENERATE_INFOPLIST_FILE = YES;
				INFOPLIST_KEY_UIApplicationSceneManifest_Generation = YES;
				INFOPLIST_KEY_UIApplicationSupportsIndirectInputEvents = YES;
				INFOPLIST_KEY_UILaunchScreen_Generation = YES;
				INFOPLIST_KEY_UISupportedInterfaceOrientations_iPad = "UIInterfaceOrientationPortrait UIInterfaceOrientationPortraitUpsideDown UIInterfaceOrientationLandscapeLeft UIInterfaceOrientationLandscapeRight";
				INFOPLIST_KEY_UISupportedInterfaceOrientations_iPhone = "UIInterfaceOrientationPortrait UIInterfaceOrientationLandscapeLeft UIInterfaceOrientationLandscapeRight";
				LD_RUNPATH_SEARCH_PATHS = (
					"$(inherited)",
					"@executable_path/Frameworks",
				);
				MARKETING_VERSION = 1.0;
				PRODUCT_BUNDLE_IDENTIFIER = "MAD.AFL3-0706012110030-Steven-Rafael-Sunarto";
				PRODUCT_NAME = "$(TARGET_NAME)";
				SWIFT_EMIT_LOC_STRINGS = YES;
				SWIFT_VERSION = 5.0;
				TARGETED_DEVICE_FAMILY = "1,2";
			};
			name = Debug;
		};
		04A3933B29E4EF9100C64217 /* Release */ = {
			isa = XCBuildConfiguration;
			buildSettings = {
				ASSETCATALOG_COMPILER_APPICON_NAME = AppIcon;
				ASSETCATALOG_COMPILER_GLOBAL_ACCENT_COLOR_NAME = AccentColor;
				CODE_SIGN_STYLE = Automatic;
				CURRENT_PROJECT_VERSION = 1;
				DEVELOPMENT_ASSET_PATHS = "\"AFL3-0706012110030-Steven Rafael Sunarto/Preview Content\"";
				DEVELOPMENT_TEAM = ZRV56NLNS6;
				ENABLE_PREVIEWS = YES;
				GENERATE_INFOPLIST_FILE = YES;
				INFOPLIST_KEY_UIApplicationSceneManifest_Generation = YES;
				INFOPLIST_KEY_UIApplicationSupportsIndirectInputEvents = YES;
				INFOPLIST_KEY_UILaunchScreen_Generation = YES;
				INFOPLIST_KEY_UISupportedInterfaceOrientations_iPad = "UIInterfaceOrientationPortrait UIInterfaceOrientationPortraitUpsideDown UIInterfaceOrientationLandscapeLeft UIInterfaceOrientationLandscapeRight";
				INFOPLIST_KEY_UISupportedInterfaceOrientations_iPhone = "UIInterfaceOrientationPortrait UIInterfaceOrientationLandscapeLeft UIInterfaceOrientationLandscapeRight";
				LD_RUNPATH_SEARCH_PATHS = (
					"$(inherited)",
					"@executable_path/Frameworks",
				);
				MARKETING_VERSION = 1.0;
				PRODUCT_BUNDLE_IDENTIFIER = "MAD.AFL3-0706012110030-Steven-Rafael-Sunarto";
				PRODUCT_NAME = "$(TARGET_NAME)";
				SWIFT_EMIT_LOC_STRINGS = YES;
				SWIFT_VERSION = 5.0;
				TARGETED_DEVICE_FAMILY = "1,2";
			};
			name = Release;
		};
		04A3933D29E4EF9100C64217 /* Debug */ = {
			isa = XCBuildConfiguration;
			buildSettings = {
				ALWAYS_EMBED_SWIFT_STANDARD_LIBRARIES = YES;
				BUNDLE_LOADER = "$(TEST_HOST)";
				CODE_SIGN_STYLE = Automatic;
				CURRENT_PROJECT_VERSION = 1;
				DEVELOPMENT_TEAM = ZRV56NLNS6;
				GENERATE_INFOPLIST_FILE = YES;
				IPHONEOS_DEPLOYMENT_TARGET = 16.2;
				MARKETING_VERSION = 1.0;
				PRODUCT_BUNDLE_IDENTIFIER = "MAD.AFL3-0706012110030-Steven-Rafael-SunartoTests";
				PRODUCT_NAME = "$(TARGET_NAME)";
				SWIFT_EMIT_LOC_STRINGS = NO;
				SWIFT_VERSION = 5.0;
				TARGETED_DEVICE_FAMILY = "1,2";
				TEST_HOST = "$(BUILT_PRODUCTS_DIR)/AFL3-0706012110030-Steven Rafael Sunarto.app/$(BUNDLE_EXECUTABLE_FOLDER_PATH)/AFL3-0706012110030-Steven Rafael Sunarto";
			};
			name = Debug;
		};
		04A3933E29E4EF9100C64217 /* Release */ = {
			isa = XCBuildConfiguration;
			buildSettings = {
				ALWAYS_EMBED_SWIFT_STANDARD_LIBRARIES = YES;
				BUNDLE_LOADER = "$(TEST_HOST)";
				CODE_SIGN_STYLE = Automatic;
				CURRENT_PROJECT_VERSION = 1;
				DEVELOPMENT_TEAM = ZRV56NLNS6;
				GENERATE_INFOPLIST_FILE = YES;
				IPHONEOS_DEPLOYMENT_TARGET = 16.2;
				MARKETING_VERSION = 1.0;
				PRODUCT_BUNDLE_IDENTIFIER = "MAD.AFL3-0706012110030-Steven-Rafael-SunartoTests";
				PRODUCT_NAME = "$(TARGET_NAME)";
				SWIFT_EMIT_LOC_STRINGS = NO;
				SWIFT_VERSION = 5.0;
				TARGETED_DEVICE_FAMILY = "1,2";
				TEST_HOST = "$(BUILT_PRODUCTS_DIR)/AFL3-0706012110030-Steven Rafael Sunarto.app/$(BUNDLE_EXECUTABLE_FOLDER_PATH)/AFL3-0706012110030-Steven Rafael Sunarto";
			};
			name = Release;
		};
		04A3934029E4EF9100C64217 /* Debug */ = {
			isa = XCBuildConfiguration;
			buildSettings = {
				ALWAYS_EMBED_SWIFT_STANDARD_LIBRARIES = YES;
				CODE_SIGN_STYLE = Automatic;
				CURRENT_PROJECT_VERSION = 1;
				DEVELOPMENT_TEAM = ZRV56NLNS6;
				GENERATE_INFOPLIST_FILE = YES;
				MARKETING_VERSION = 1.0;
				PRODUCT_BUNDLE_IDENTIFIER = "MAD.AFL3-0706012110030-Steven-Rafael-SunartoUITests";
				PRODUCT_NAME = "$(TARGET_NAME)";
				SWIFT_EMIT_LOC_STRINGS = NO;
				SWIFT_VERSION = 5.0;
				TARGETED_DEVICE_FAMILY = "1,2";
				TEST_TARGET_NAME = "AFL3-0706012110030-Steven Rafael Sunarto";
			};
			name = Debug;
		};
		04A3934129E4EF9100C64217 /* Release */ = {
			isa = XCBuildConfiguration;
			buildSettings = {
				ALWAYS_EMBED_SWIFT_STANDARD_LIBRARIES = YES;
				CODE_SIGN_STYLE = Automatic;
				CURRENT_PROJECT_VERSION = 1;
				DEVELOPMENT_TEAM = ZRV56NLNS6;
				GENERATE_INFOPLIST_FILE = YES;
				MARKETING_VERSION = 1.0;
				PRODUCT_BUNDLE_IDENTIFIER = "MAD.AFL3-0706012110030-Steven-Rafael-SunartoUITests";
				PRODUCT_NAME = "$(TARGET_NAME)";
				SWIFT_EMIT_LOC_STRINGS = NO;
				SWIFT_VERSION = 5.0;
				TARGETED_DEVICE_FAMILY = "1,2";
				TEST_TARGET_NAME = "AFL3-0706012110030-Steven Rafael Sunarto";
			};
			name = Release;
		};
/* End XCBuildConfiguration section */

/* Begin XCConfigurationList section */
		04A3931029E4EF8F00C64217 /* Build configuration list for PBXProject "AFL3-0706012110030-Steven Rafael Sunarto" */ = {
			isa = XCConfigurationList;
			buildConfigurations = (
				04A3933729E4EF9100C64217 /* Debug */,
				04A3933829E4EF9100C64217 /* Release */,
			);
			defaultConfigurationIsVisible = 0;
			defaultConfigurationName = Release;
		};
		04A3933929E4EF9100C64217 /* Build configuration list for PBXNativeTarget "AFL3-0706012110030-Steven Rafael Sunarto" */ = {
			isa = XCConfigurationList;
			buildConfigurations = (
				04A3933A29E4EF9100C64217 /* Debug */,
				04A3933B29E4EF9100C64217 /* Release */,
			);
			defaultConfigurationIsVisible = 0;
			defaultConfigurationName = Release;
		};
		04A3933C29E4EF9100C64217 /* Build configuration list for PBXNativeTarget "AFL3-0706012110030-Steven Rafael SunartoTests" */ = {
			isa = XCConfigurationList;
			buildConfigurations = (
				04A3933D29E4EF9100C64217 /* Debug */,
				04A3933E29E4EF9100C64217 /* Release */,
			);
			defaultConfigurationIsVisible = 0;
			defaultConfigurationName = Release;
		};
		04A3933F29E4EF9100C64217 /* Build configuration list for PBXNativeTarget "AFL3-0706012110030-Steven Rafael SunartoUITests" */ = {
			isa = XCConfigurationList;
			buildConfigurations = (
				04A3934029E4EF9100C64217 /* Debug */,
				04A3934129E4EF9100C64217 /* Release */,
			);
			defaultConfigurationIsVisible = 0;
			defaultConfigurationName = Release;
		};
/* End XCConfigurationList section */
	};
	rootObject = 04A3930D29E4EF8F00C64217 /* Project object */;
}
